
Microsoft Visual Studio Solution File, Format Version 12.00
# Visual Studio 15
VisualStudioVersion = 15.0.28307.1022
MinimumVisualStudioVersion = 10.0.40219.1
Project("{8BC9CEB8-8B4A-11D0-8D11-00A0C91BC942}") = "la3", "la3.vcxproj", "{870C902C-5355-4F96-9CC0-3142BC9380A5}"
EndProject
Global
	GlobalSection(SolutionConfigurationPlatforms) = preSolution
		Debug|x64 = Debug|x64
		Debug|x86 = Debug|x86
		Release|x64 = Release|x64
		Release|x86 = Release|x86
	EndGlobalSection
	GlobalSection(ProjectConfigurationPlatforms) = postSolution
		{870C902C-5355-4F96-9CC0-3142BC9380A5}.Debug|x64.ActiveCfg = Debug|x64
		{870C902C-5355-4F96-9CC0-3142BC9380A5}.Debug|x64.Build.0 = Debug|x64
		{870C902C-5355-4F96-9CC0-3142BC9380A5}.Debug|x86.ActiveCfg = Debug|Win32
		{870C902C-5355-4F96-9CC0-3142BC9380A5}.Debug|x86.Build.0 = Debug|Win32
		{870C902C-5355-4F96-9CC0-3142BC9380A5}.Release|x64.ActiveCfg = Release|x64
		{870C902C-5355-4F96-9CC0-3142BC9380A5}.Release|x64.Build.0 = Release|x64
		{870C902C-5355-4F96-9CC0-3142BC9380A5}.Release|x86.ActiveCfg = Release|Win32
		{870C902C-5355-4F96-9CC0-3142BC9380A5}.Release|x86.Build.0 = Release|Win32
	EndGlobalSection
	GlobalSection(SolutionProperties) = preSolution
		HideSolutionNode = FALSE
	EndGlobalSection
	GlobalSection(ExtensibilityGlobals) = postSolution
		SolutionGuid = {91B788BF-1993-4A66-B951-15AB66E6C5EC}
	EndGlobalSection
EndGlobal
